
Microsoft Visual Studio Solution File, Format Version 12.00
# Visual Studio Version 16
VisualStudioVersion = 16.0.29905.134
MinimumVisualStudioVersion = 10.0.40219.1
Project("{FAE04EC0-301F-11D3-BF4B-00C04F79EFBC}") = "Calculator", "WPF Calc\Calculator.csproj", "{ED8FD3A5-8ED5-4351-861A-6880A56B7C8B}"
EndProject
Global
	GlobalSection(SolutionConfigurationPlatforms) = preSolution
		Debug|Any CPU = Debug|Any CPU
		Release|Any CPU = Release|Any CPU
	EndGlobalSection
	GlobalSection(ProjectConfigurationPlatforms) = postSolution
		{ED8FD3A5-8ED5-4351-861A-6880A56B7C8B}.Debug|Any CPU.ActiveCfg = Debug|Any CPU
		{ED8FD3A5-8ED5-4351-861A-6880A56B7C8B}.Debug|Any CPU.Build.0 = Debug|Any CPU
		{ED8FD3A5-8ED5-4351-861A-6880A56B7C8B}.Release|Any CPU.ActiveCfg = Release|Any CPU
		{ED8FD3A5-8ED5-4351-861A-6880A56B7C8B}.Release|Any CPU.Build.0 = Release|Any CPU
	EndGlobalSection
	GlobalSection(SolutionProperties) = preSolution
		HideSolutionNode = FALSE
	EndGlobalSection
	GlobalSection(ExtensibilityGlobals) = postSolution
		SolutionGuid = {D7B550DF-7828-487A-B2D2-7AF22E1F09D6}
	EndGlobalSection
EndGlobal
